
Microsoft Visual Studio Solution File, Format Version 12.00
# Visual Studio 15
VisualStudioVersion = 15.0.28307.757
MinimumVisualStudioVersion = 10.0.40219.1
Project("{FAE04EC0-301F-11D3-BF4B-00C04F79EFBC}") = "ConsoleAppProjectServerSSEC", "ConsoleAppProjectServerSSEC\ConsoleAppProjectServerSSEC.csproj", "{FF803160-C72E-4D50-8D3E-C53B155394BF}"
EndProject
Global
	GlobalSection(SolutionConfigurationPlatforms) = preSolution
		Debug|Any CPU = Debug|Any CPU
		Release|Any CPU = Release|Any CPU
	EndGlobalSection
	GlobalSection(ProjectConfigurationPlatforms) = postSolution
		{FF803160-C72E-4D50-8D3E-C53B155394BF}.Debug|Any CPU.ActiveCfg = Debug|Any CPU
		{FF803160-C72E-4D50-8D3E-C53B155394BF}.Debug|Any CPU.Build.0 = Debug|Any CPU
		{FF803160-C72E-4D50-8D3E-C53B155394BF}.Release|Any CPU.ActiveCfg = Release|Any CPU
		{FF803160-C72E-4D50-8D3E-C53B155394BF}.Release|Any CPU.Build.0 = Release|Any CPU
	EndGlobalSection
	GlobalSection(SolutionProperties) = preSolution
		HideSolutionNode = FALSE
	EndGlobalSection
	GlobalSection(ExtensibilityGlobals) = postSolution
		SolutionGuid = {5F6781BF-4FB9-4143-8FD3-3D143A3F2185}
	EndGlobalSection
EndGlobal
